PODS:
  - OpenCV (3.3.1.1)
  - Upsurge (0.10.2)

DEPENDENCIES:
  - OpenCV (~> 3.3.1)
  - Upsurge (~> 0.10.2)

SPEC REPOS:
  trunk:
    - OpenCV
    - Upsurge

SPEC CHECKSUMS:
  OpenCV: c229886715ba0a2c193a950d74b18887728267f4
  Upsurge: 5866beadc3da27f91c5df4ac795deb3f3238d678

PODFILE CHECKSUM: e59fb2ddda6814315bd78a6ed82512c2ab40e324

COCOAPODS: 1.12.1
